// !$*UTF8*$!
{
	archiveVersion = 1;
	classes = {
	};
	objectVersion = 50;
	objects = {

/* Begin PBXBuildFile section */
		C3134B8F2328B8050005952C /* Assets.xcassets in Resources */ = {isa = PBXBuildFile; fileRef = C36F1A412256BA170007DC21 /* Assets.xcassets */; };
		C325FFD2225702400060DFCF /* ScannerViewController.swift in Sources */ = {isa = PBXBuildFile; fileRef = C325FFD1225702400060DFCF /* ScannerViewController.swift */; };
		C36D8DEE233416B6000B6F2D /* Intents.intentdefinition in Sources */ = {isa = PBXBuildFile; fileRef = C3AE4E1E2333F47D0011BBDF /* Intents.intentdefinition */; settings = {ATTRIBUTES = (no_codegen, ); }; };
		C36D8DF02334184C000B6F2D /* AnalyzeIntentHandler.swift in Sources */ = {isa = PBXBuildFile; fileRef = C36D8DEF2334184C000B6F2D /* AnalyzeIntentHandler.swift */; };
		C36F1A3B2256BA150007DC21 /* AppDelegate.swift in Sources */ = {isa = PBXBuildFile; fileRef = C36F1A3A2256BA150007DC21 /* AppDelegate.swift */; };
		C36F1A3D2256BA150007DC21 /* ViewController.swift in Sources */ = {isa = PBXBuildFile; fileRef = C36F1A3C2256BA150007DC21 /* ViewController.swift */; };
		C36F1A402256BA150007DC21 /* Main.storyboard in Resources */ = {isa = PBXBuildFile; fileRef = C36F1A3E2256BA150007DC21 /* Main.storyboard */; };
		C36F1A452256BA170007DC21 /* LaunchScreen.storyboard in Resources */ = {isa = PBXBuildFile; fileRef = C36F1A432256BA170007DC21 /* LaunchScreen.storyboard */; };
		C36F1A4F2256BE350007DC21 /* UIViewController+ShorthandAlerts.swift in Sources */ = {isa = PBXBuildFile; fileRef = C36F1A4E2256BE350007DC21 /* UIViewController+ShorthandAlerts.swift */; };
		C36F1A512256D05F0007DC21 /* ResultsViewController.swift in Sources */ = {isa = PBXBuildFile; fileRef = C36F1A502256D05F0007DC21 /* ResultsViewController.swift */; };
		C36F1A532256DB310007DC21 /* HistoryManager.swift in Sources */ = {isa = PBXBuildFile; fileRef = C36F1A522256DB310007DC21 /* HistoryManager.swift */; };
		C3AB0BF42328963900D9BBA8 /* TextFieldCell.swift in Sources */ = {isa = PBXBuildFile; fileRef = C3AB0BF32328963900D9BBA8 /* TextFieldCell.swift */; };
		C3AB0BF62328964000D9BBA8 /* ButtonCell.swift in Sources */ = {isa = PBXBuildFile; fileRef = C3AB0BF52328964000D9BBA8 /* ButtonCell.swift */; };
		C3AB0BF82328964900D9BBA8 /* HistoryItemCell.swift in Sources */ = {isa = PBXBuildFile; fileRef = C3AB0BF72328964900D9BBA8 /* HistoryItemCell.swift */; };
		C3AB0BFA23289B1100D9BBA8 /* GradientView.swift in Sources */ = {isa = PBXBuildFile; fileRef = C3AB0BF923289B1100D9BBA8 /* GradientView.swift */; };
		C3AE4DD1233218AC0011BBDF /* ThemedNavigationBar.swift in Sources */ = {isa = PBXBuildFile; fileRef = C3AE4DD0233218AC0011BBDF /* ThemedNavigationBar.swift */; };
		C3AE4DDD2333E7470011BBDF /* SerialKit.h in Headers */ = {isa = PBXBuildFile; fileRef = C3AE4DDB2333E7470011BBDF /* SerialKit.h */; settings = {ATTRIBUTES = (Public, ); }; };
		C3AE4DE02333E7470011BBDF /* SerialKit.framework in Frameworks */ = {isa = PBXBuildFile; fileRef = C3AE4DD92333E7470011BBDF /* SerialKit.framework */; };
		C3AE4DE12333E7470011BBDF /* SerialKit.framework in Embed Frameworks */ = {isa = PBXBuildFile; fileRef = C3AE4DD92333E7470011BBDF /* SerialKit.framework */; settings = {ATTRIBUTES = (CodeSignOnCopy, RemoveHeadersOnCopy, ); }; };
		C3AE4DE62333E74F0011BBDF /* SerialAnalysis+OSFamily.swift in Sources */ = {isa = PBXBuildFile; fileRef = C3C9959E227E9D2F00EE6D63 /* SerialAnalysis+OSFamily.swift */; };
		C3AE4DE72333E74F0011BBDF /* SerialAnalyis+ManufactureLocation.swift in Sources */ = {isa = PBXBuildFile; fileRef = C3C9959A227E9CDC00EE6D63 /* SerialAnalyis+ManufactureLocation.swift */; };
		C3AE4DE82333E74F0011BBDF /* SerialAnalysis.swift in Sources */ = {isa = PBXBuildFile; fileRef = C36F1A4C2256BDBD0007DC21 /* SerialAnalysis.swift */; };
		C3AE4DE92333E74F0011BBDF /* SerialAnalysis+ManufactureDate.swift in Sources */ = {isa = PBXBuildFile; fileRef = C3C9959C227E9CFE00EE6D63 /* SerialAnalysis+ManufactureDate.swift */; };
		C3AE4DEA2333E7900011BBDF /* String+LessPainfulSubstring.swift in Sources */ = {isa = PBXBuildFile; fileRef = C3D4ED84225717A9009EEF45 /* String+LessPainfulSubstring.swift */; };
		C3AE4DED2333EB4E0011BBDF /* RowRepresentable.swift in Sources */ = {isa = PBXBuildFile; fileRef = C3AE4DEC2333EB4E0011BBDF /* RowRepresentable.swift */; };
		C3AE4DEF2333EB620011BBDF /* Section.swift in Sources */ = {isa = PBXBuildFile; fileRef = C3AE4DEE2333EB620011BBDF /* Section.swift */; };
		C3AE4DF12333EB790011BBDF /* ValueRow.swift in Sources */ = {isa = PBXBuildFile; fileRef = C3AE4DF02333EB790011BBDF /* ValueRow.swift */; };
		C3AE4DF32333EB7E0011BBDF /* SubtitleRow.swift in Sources */ = {isa = PBXBuildFile; fileRef = C3AE4DF22333EB7E0011BBDF /* SubtitleRow.swift */; };
		C3AE4DF52333EB830011BBDF /* ActionRow.swift in Sources */ = {isa = PBXBuildFile; fileRef = C3AE4DF42333EB830011BBDF /* ActionRow.swift */; };
		C3AE4DF72333EC350011BBDF /* Value.swift in Sources */ = {isa = PBXBuildFile; fileRef = C3AE4DF62333EC350011BBDF /* Value.swift */; };
		C3AE4E002333F45B0011BBDF /* IntentHandler.swift in Sources */ = {isa = PBXBuildFile; fileRef = C3AE4DFF2333F45B0011BBDF /* IntentHandler.swift */; };
		C3AE4E162333F45B0011BBDF /* Serial Intents.appex in Embed App Extensions */ = {isa = PBXBuildFile; fileRef = C3AE4DFD2333F45B0011BBDF /* Serial Intents.appex */; settings = {ATTRIBUTES = (RemoveHeadersOnCopy, ); }; };
		C3AE4E1F2333F47D0011BBDF /* Intents.intentdefinition in Sources */ = {isa = PBXBuildFile; fileRef = C3AE4E1E2333F47D0011BBDF /* Intents.intentdefinition */; };
		C3C995A1227E9D7E00EE6D63 /* ThemedTableViewController.swift in Sources */ = {isa = PBXBuildFile; fileRef = C3C995A0227E9D7E00EE6D63 /* ThemedTableViewController.swift */; };
		C3D4ED8722571849009EEF45 /* ResultsHeaderView.swift in Sources */ = {isa = PBXBuildFile; fileRef = C3D4ED8622571849009EEF45 /* ResultsHeaderView.swift */; };
		C3D4ED8B22571BD0009EEF45 /* PreviewView.swift in Sources */ = {isa = PBXBuildFile; fileRef = C3D4ED8A22571BD0009EEF45 /* PreviewView.swift */; };
/* End PBXBuildFile section */

/* Begin PBXContainerItemProxy section */
		C36D8DF1233439AD000B6F2D /* PBXContainerItemProxy */ = {
			isa = PBXContainerItemProxy;
			containerPortal = C36F1A2F2256BA150007DC21 /* Project object */;
			proxyType = 1;
			remoteGlobalIDString = C3AE4DD82333E7470011BBDF;
			remoteInfo = SerialKit;
		};
		C3AE4DDE2333E7470011BBDF /* PBXContainerItemProxy */ = {
			isa = PBXContainerItemProxy;
			containerPortal = C36F1A2F2256BA150007DC21 /* Project object */;
			proxyType = 1;
			remoteGlobalIDString = C3AE4DD82333E7470011BBDF;
			remoteInfo = SerialKit;
		};
		C3AE4E142333F45B0011BBDF /* PBXContainerItemProxy */ = {
			isa = PBXContainerItemProxy;
			containerPortal = C36F1A2F2256BA150007DC21 /* Project object */;
			proxyType = 1;
			remoteGlobalIDString = C3AE4DFC2333F45B0011BBDF;
			remoteInfo = "Serial Intents";
		};
/* End PBXContainerItemProxy section */

/* Begin PBXCopyFilesBuildPhase section */
		C3AE4DE52333E7470011BBDF /* Embed Frameworks */ = {
			isa = PBXCopyFilesBuildPhase;
			buildActionMask = 2147483647;
			dstPath = "";
			dstSubfolderSpec = 10;
			files = (
				C3AE4DE12333E7470011BBDF /* SerialKit.framework in Embed Frameworks */,
			);
			name = "Embed Frameworks";
			runOnlyForDeploymentPostprocessing = 0;
		};
		C3AE4E1D2333F45B0011BBDF /* Embed App Extensions */ = {
			isa = PBXCopyFilesBuildPhase;
			buildActionMask = 2147483647;
			dstPath = "";
			dstSubfolderSpec = 13;
			files = (
				C3AE4E162333F45B0011BBDF /* Serial Intents.appex in Embed App Extensions */,
			);
			name = "Embed App Extensions";
			runOnlyForDeploymentPostprocessing = 0;
		};
/* End PBXCopyFilesBuildPhase section */

/* Begin PBXFileReference section */
		C325FFD1225702400060DFCF /* ScannerViewController.swift */ = {isa = PBXFileReference; lastKnownFileType = sourcecode.swift; path = ScannerViewController.swift; sourceTree = "<group>"; };
		C36D8DEC2334144A000B6F2D /* Serial.entitlements */ = {isa = PBXFileReference; lastKnownFileType = text.plist.entitlements; path = Serial.entitlements; sourceTree = "<group>"; };
		C36D8DEF2334184C000B6F2D /* AnalyzeIntentHandler.swift */ = {isa = PBXFileReference; lastKnownFileType = sourcecode.swift; path = AnalyzeIntentHandler.swift; sourceTree = "<group>"; };
		C36F1A372256BA150007DC21 /* Serial.app */ = {isa = PBXFileReference; explicitFileType = wrapper.application; includeInIndex = 0; path = Serial.app; sourceTree = BUILT_PRODUCTS_DIR; };
		C36F1A3A2256BA150007DC21 /* AppDelegate.swift */ = {isa = PBXFileReference; lastKnownFileType = sourcecode.swift; path = AppDelegate.swift; sourceTree = "<group>"; };
		C36F1A3C2256BA150007DC21 /* ViewController.swift */ = {isa = PBXFileReference; lastKnownFileType = sourcecode.swift; path = ViewController.swift; sourceTree = "<group>"; };
		C36F1A3F2256BA150007DC21 /* Base */ = {isa = PBXFileReference; lastKnownFileType = file.storyboard; name = Base; path = Base.lproj/Main.storyboard; sourceTree = "<group>"; };
		C36F1A412256BA170007DC21 /* Assets.xcassets */ = {isa = PBXFileReference; lastKnownFileType = folder.assetcatalog; path = Assets.xcassets; sourceTree = "<group>"; };
		C36F1A442256BA170007DC21 /* Base */ = {isa = PBXFileReference; lastKnownFileType = file.storyboard; name = Base; path = Base.lproj/LaunchScreen.storyboard; sourceTree = "<group>"; };
		C36F1A462256BA170007DC21 /* Info.plist */ = {isa = PBXFileReference; lastKnownFileType = text.plist.xml; path = Info.plist; sourceTree = "<group>"; };
		C36F1A4C2256BDBD0007DC21 /* SerialAnalysis.swift */ = {isa = PBXFileReference; lastKnownFileType = sourcecode.swift; path = SerialAnalysis.swift; sourceTree = "<group>"; };
		C36F1A4E2256BE350007DC21 /* UIViewController+ShorthandAlerts.swift */ = {isa = PBXFileReference; fileEncoding = 4; lastKnownFileType = sourcecode.swift; path = "UIViewController+ShorthandAlerts.swift"; sourceTree = "<group>"; };
		C36F1A502256D05F0007DC21 /* ResultsViewController.swift */ = {isa = PBXFileReference; lastKnownFileType = sourcecode.swift; path = ResultsViewController.swift; sourceTree = "<group>"; };
		C36F1A522256DB310007DC21 /* HistoryManager.swift */ = {isa = PBXFileReference; lastKnownFileType = sourcecode.swift; path = HistoryManager.swift; sourceTree = "<group>"; };
		C3AB0BF32328963900D9BBA8 /* TextFieldCell.swift */ = {isa = PBXFileReference; lastKnownFileType = sourcecode.swift; path = TextFieldCell.swift; sourceTree = "<group>"; };
		C3AB0BF52328964000D9BBA8 /* ButtonCell.swift */ = {isa = PBXFileReference; lastKnownFileType = sourcecode.swift; path = ButtonCell.swift; sourceTree = "<group>"; };
		C3AB0BF72328964900D9BBA8 /* HistoryItemCell.swift */ = {isa = PBXFileReference; lastKnownFileType = sourcecode.swift; path = HistoryItemCell.swift; sourceTree = "<group>"; };
		C3AB0BF923289B1100D9BBA8 /* GradientView.swift */ = {isa = PBXFileReference; lastKnownFileType = sourcecode.swift; path = GradientView.swift; sourceTree = "<group>"; };
		C3AE4DD0233218AC0011BBDF /* ThemedNavigationBar.swift */ = {isa = PBXFileReference; lastKnownFileType = sourcecode.swift; path = ThemedNavigationBar.swift; sourceTree = "<group>"; };
		C3AE4DD92333E7470011BBDF /* SerialKit.framework */ = {isa = PBXFileReference; explicitFileType = wrapper.framework; includeInIndex = 0; path = SerialKit.framework; sourceTree = BUILT_PRODUCTS_DIR; };
		C3AE4DDB2333E7470011BBDF /* SerialKit.h */ = {isa = PBXFileReference; lastKnownFileType = sourcecode.c.h; path = SerialKit.h; sourceTree = "<group>"; };
		C3AE4DDC2333E7470011BBDF /* Info.plist */ = {isa = PBXFileReference; lastKnownFileType = text.plist.xml; path = Info.plist; sourceTree = "<group>"; };
		C3AE4DEC2333EB4E0011BBDF /* RowRepresentable.swift */ = {isa = PBXFileReference; lastKnownFileType = sourcecode.swift; path = RowRepresentable.swift; sourceTree = "<group>"; };
		C3AE4DEE2333EB620011BBDF /* Section.swift */ = {isa = PBXFileReference; lastKnownFileType = sourcecode.swift; path = Section.swift; sourceTree = "<group>"; };
		C3AE4DF02333EB790011BBDF /* ValueRow.swift */ = {isa = PBXFileReference; lastKnownFileType = sourcecode.swift; path = ValueRow.swift; sourceTree = "<group>"; };
		C3AE4DF22333EB7E0011BBDF /* SubtitleRow.swift */ = {isa = PBXFileReference; lastKnownFileType = sourcecode.swift; path = SubtitleRow.swift; sourceTree = "<group>"; };
		C3AE4DF42333EB830011BBDF /* ActionRow.swift */ = {isa = PBXFileReference; lastKnownFileType = sourcecode.swift; path = ActionRow.swift; sourceTree = "<group>"; };
		C3AE4DF62333EC350011BBDF /* Value.swift */ = {isa = PBXFileReference; lastKnownFileType = sourcecode.swift; path = Value.swift; sourceTree = "<group>"; };
		C3AE4DFD2333F45B0011BBDF /* Serial Intents.appex */ = {isa = PBXFileReference; explicitFileType = "wrapper.app-extension"; includeInIndex = 0; path = "Serial Intents.appex"; sourceTree = BUILT_PRODUCTS_DIR; };
		C3AE4DFF2333F45B0011BBDF /* IntentHandler.swift */ = {isa = PBXFileReference; lastKnownFileType = sourcecode.swift; path = IntentHandler.swift; sourceTree = "<group>"; };
		C3AE4E012333F45B0011BBDF /* Info.plist */ = {isa = PBXFileReference; lastKnownFileType = text.plist.xml; path = Info.plist; sourceTree = "<group>"; };
		C3AE4E082333F45B0011BBDF /* IntentsUI.framework */ = {isa = PBXFileReference; lastKnownFileType = wrapper.framework; name = IntentsUI.framework; path = System/Library/Frameworks/IntentsUI.framework; sourceTree = SDKROOT; };
		C3AE4E1E2333F47D0011BBDF /* Intents.intentdefinition */ = {isa = PBXFileReference; lastKnownFileType = file.intentdefinition; path = Intents.intentdefinition; sourceTree = "<group>"; };
		C3C9959A227E9CDC00EE6D63 /* SerialAnalyis+ManufactureLocation.swift */ = {isa = PBXFileReference; lastKnownFileType = sourcecode.swift; path = "SerialAnalyis+ManufactureLocation.swift"; sourceTree = "<group>"; };
		C3C9959C227E9CFE00EE6D63 /* SerialAnalysis+ManufactureDate.swift */ = {isa = PBXFileReference; lastKnownFileType = sourcecode.swift; path = "SerialAnalysis+ManufactureDate.swift"; sourceTree = "<group>"; };
		C3C9959E227E9D2F00EE6D63 /* SerialAnalysis+OSFamily.swift */ = {isa = PBXFileReference; lastKnownFileType = sourcecode.swift; path = "SerialAnalysis+OSFamily.swift"; sourceTree = "<group>"; };
		C3C995A0227E9D7E00EE6D63 /* ThemedTableViewController.swift */ = {isa = PBXFileReference; fileEncoding = 4; lastKnownFileType = sourcecode.swift; path = ThemedTableViewController.swift; sourceTree = "<group>"; };
		C3D4ED84225717A9009EEF45 /* String+LessPainfulSubstring.swift */ = {isa = PBXFileReference; lastKnownFileType = sourcecode.swift; path = "String+LessPainfulSubstring.swift"; sourceTree = "<group>"; };
		C3D4ED8622571849009EEF45 /* ResultsHeaderView.swift */ = {isa = PBXFileReference; lastKnownFileType = sourcecode.swift; path = ResultsHeaderView.swift; sourceTree = "<group>"; };
		C3D4ED8A22571BD0009EEF45 /* PreviewView.swift */ = {isa = PBXFileReference; lastKnownFileType = sourcecode.swift; path = PreviewView.swift; sourceTree = "<group>"; };
/* End PBXFileReference section */

/* Begin PBXFrameworksBuildPhase section */
		C36F1A342256BA150007DC21 /* Frameworks */ = {
			isa = PBXFrameworksBuildPhase;
			buildActionMask = 2147483647;
			files = (
				C3AE4DE02333E7470011BBDF /* SerialKit.framework in Frameworks */,
			);
			runOnlyForDeploymentPostprocessing = 0;
		};
		C3AE4DD62333E7470011BBDF /* Frameworks */ = {
			isa = PBXFrameworksBuildPhase;
			buildActionMask = 2147483647;
			files = (
			);
			runOnlyForDeploymentPostprocessing = 0;
		};
		C3AE4DFA2333F45B0011BBDF /* Frameworks */ = {
			isa = PBXFrameworksBuildPhase;
			buildActionMask = 2147483647;
			files = (
			);
			runOnlyForDeploymentPostprocessing = 0;
		};
/* End PBXFrameworksBuildPhase section */

/* Begin PBXGroup section */
		C36D8DED2334168A000B6F2D /* Extensions */ = {
			isa = PBXGroup;
			children = (
				C3D4ED84225717A9009EEF45 /* String+LessPainfulSubstring.swift */,
			);
			path = Extensions;
			sourceTree = "<group>";
		};
		C36F1A2E2256BA150007DC21 = {
			isa = PBXGroup;
			children = (
				C36F1A392256BA150007DC21 /* Serial */,
				C3AE4DDA2333E7470011BBDF /* SerialKit */,
				C3AE4DFE2333F45B0011BBDF /* Serial Intents */,
				C3AE4E072333F45B0011BBDF /* Frameworks */,
				C36F1A382256BA150007DC21 /* Products */,
			);
			indentWidth = 4;
			sourceTree = "<group>";
			tabWidth = 4;
			usesTabs = 0;
		};
		C36F1A382256BA150007DC21 /* Products */ = {
			isa = PBXGroup;
			children = (
				C36F1A372256BA150007DC21 /* Serial.app */,
				C3AE4DD92333E7470011BBDF /* SerialKit.framework */,
				C3AE4DFD2333F45B0011BBDF /* Serial Intents.appex */,
			);
			name = Products;
			sourceTree = "<group>";
		};
		C36F1A392256BA150007DC21 /* Serial */ = {
			isa = PBXGroup;
			children = (
				C36D8DEC2334144A000B6F2D /* Serial.entitlements */,
				C36F1A3A2256BA150007DC21 /* AppDelegate.swift */,
				C3C995A4227E9D9900EE6D63 /* UI */,
				C36F1A3E2256BA150007DC21 /* Main.storyboard */,
				C36F1A412256BA170007DC21 /* Assets.xcassets */,
				C36F1A432256BA170007DC21 /* LaunchScreen.storyboard */,
				C36F1A462256BA170007DC21 /* Info.plist */,
				C36F1A522256DB310007DC21 /* HistoryManager.swift */,
			);
			path = Serial;
			sourceTree = "<group>";
		};
		C3AB0BF22328963000D9BBA8 /* Cells */ = {
			isa = PBXGroup;
			children = (
				C3AB0BF32328963900D9BBA8 /* TextFieldCell.swift */,
				C3AB0BF52328964000D9BBA8 /* ButtonCell.swift */,
				C3AB0BF72328964900D9BBA8 /* HistoryItemCell.swift */,
			);
			path = Cells;
			sourceTree = "<group>";
		};
		C3AE4DDA2333E7470011BBDF /* SerialKit */ = {
			isa = PBXGroup;
			children = (
				C3AE4DDB2333E7470011BBDF /* SerialKit.h */,
				C36F1A4C2256BDBD0007DC21 /* SerialAnalysis.swift */,
				C3C9959E227E9D2F00EE6D63 /* SerialAnalysis+OSFamily.swift */,
				C3C9959A227E9CDC00EE6D63 /* SerialAnalyis+ManufactureLocation.swift */,
				C3C9959C227E9CFE00EE6D63 /* SerialAnalysis+ManufactureDate.swift */,
				C36D8DED2334168A000B6F2D /* Extensions */,
				C3AE4DDC2333E7470011BBDF /* Info.plist */,
			);
			path = SerialKit;
			sourceTree = "<group>";
		};
		C3AE4DF82333EC5A0011BBDF /* Row Models */ = {
			isa = PBXGroup;
			children = (
				C3AE4DEE2333EB620011BBDF /* Section.swift */,
				C3AE4DEC2333EB4E0011BBDF /* RowRepresentable.swift */,
				C3AE4DF62333EC350011BBDF /* Value.swift */,
				C3AE4DF02333EB790011BBDF /* ValueRow.swift */,
				C3AE4DF22333EB7E0011BBDF /* SubtitleRow.swift */,
				C3AE4DF42333EB830011BBDF /* ActionRow.swift */,
			);
			path = "Row Models";
			sourceTree = "<group>";
		};
		C3AE4DFE2333F45B0011BBDF /* Serial Intents */ = {
			isa = PBXGroup;
			children = (
				C3AE4DFF2333F45B0011BBDF /* IntentHandler.swift */,
				C36D8DEF2334184C000B6F2D /* AnalyzeIntentHandler.swift */,
				C3AE4E1E2333F47D0011BBDF /* Intents.intentdefinition */,
				C3AE4E012333F45B0011BBDF /* Info.plist */,
			);
			path = "Serial Intents";
			sourceTree = "<group>";
		};
		C3AE4E072333F45B0011BBDF /* Frameworks */ = {
			isa = PBXGroup;
			children = (
				C3AE4E082333F45B0011BBDF /* IntentsUI.framework */,
			);
			name = Frameworks;
			sourceTree = "<group>";
		};
		C3C99599227E9C6300EE6D63 /* Extensions */ = {
			isa = PBXGroup;
			children = (
				C36F1A4E2256BE350007DC21 /* UIViewController+ShorthandAlerts.swift */,
			);
			path = Extensions;
			sourceTree = "<group>";
		};
		C3C995A2227E9D8600EE6D63 /* Utility */ = {
			isa = PBXGroup;
			children = (
				C3AB0BF923289B1100D9BBA8 /* GradientView.swift */,
				C3D4ED8A22571BD0009EEF45 /* PreviewView.swift */,
				C3C995A0227E9D7E00EE6D63 /* ThemedTableViewController.swift */,
				C3AE4DD0233218AC0011BBDF /* ThemedNavigationBar.swift */,
				C3C99599227E9C6300EE6D63 /* Extensions */,
			);
			path = Utility;
			sourceTree = "<group>";
		};
		C3C995A4227E9D9900EE6D63 /* UI */ = {
			isa = PBXGroup;
			children = (
				C36F1A3C2256BA150007DC21 /* ViewController.swift */,
				C325FFD1225702400060DFCF /* ScannerViewController.swift */,
				C36F1A502256D05F0007DC21 /* ResultsViewController.swift */,
				C3D4ED8622571849009EEF45 /* ResultsHeaderView.swift */,
				C3AE4DF82333EC5A0011BBDF /* Row Models */,
				C3AB0BF22328963000D9BBA8 /* Cells */,
				C3C995A2227E9D8600EE6D63 /* Utility */,
			);
			path = UI;
			sourceTree = "<group>";
		};
/* End PBXGroup section */

/* Begin PBXHeadersBuildPhase section */
		C3AE4DD42333E7470011BBDF /* Headers */ = {
			isa = PBXHeadersBuildPhase;
			buildActionMask = 2147483647;
			files = (
				C3AE4DDD2333E7470011BBDF /* SerialKit.h in Headers */,
			);
			runOnlyForDeploymentPostprocessing = 0;
		};
/* End PBXHeadersBuildPhase section */

/* Begin PBXNativeTarget section */
		C36F1A362256BA150007DC21 /* Serial */ = {
			isa = PBXNativeTarget;
			buildConfigurationList = C36F1A492256BA170007DC21 /* Build configuration list for PBXNativeTarget "Serial" */;
			buildPhases = (
				C36F1A332256BA150007DC21 /* Sources */,
				C36F1A342256BA150007DC21 /* Frameworks */,
				C36F1A352256BA150007DC21 /* Resources */,
				C3AE4DE52333E7470011BBDF /* Embed Frameworks */,
				C3AE4E1D2333F45B0011BBDF /* Embed App Extensions */,
			);
			buildRules = (
			);
			dependencies = (
				C3AE4DDF2333E7470011BBDF /* PBXTargetDependency */,
				C3AE4E152333F45B0011BBDF /* PBXTargetDependency */,
			);
			name = Serial;
			productName = Serial;
			productReference = C36F1A372256BA150007DC21 /* Serial.app */;
			productType = "com.apple.product-type.application";
		};
		C3AE4DD82333E7470011BBDF /* SerialKit */ = {
			isa = PBXNativeTarget;
			buildConfigurationList = C3AE4DE22333E7470011BBDF /* Build configuration list for PBXNativeTarget "SerialKit" */;
			buildPhases = (
				C3AE4DD42333E7470011BBDF /* Headers */,
				C3AE4DD52333E7470011BBDF /* Sources */,
				C3AE4DD62333E7470011BBDF /* Frameworks */,
				C3AE4DD72333E7470011BBDF /* Resources */,
			);
			buildRules = (
			);
			dependencies = (
			);
			name = SerialKit;
			productName = SerialKit;
			productReference = C3AE4DD92333E7470011BBDF /* SerialKit.framework */;
			productType = "com.apple.product-type.framework";
		};
		C3AE4DFC2333F45B0011BBDF /* Serial Intents */ = {
			isa = PBXNativeTarget;
			buildConfigurationList = C3AE4E1A2333F45B0011BBDF /* Build configuration list for PBXNativeTarget "Serial Intents" */;
			buildPhases = (
				C3AE4DF92333F45B0011BBDF /* Sources */,
				C3AE4DFA2333F45B0011BBDF /* Frameworks */,
				C3AE4DFB2333F45B0011BBDF /* Resources */,
			);
			buildRules = (
			);
			dependencies = (
				C36D8DF2233439AD000B6F2D /* PBXTargetDependency */,
			);
			name = "Serial Intents";
			productName = "Serial Intents";
			productReference = C3AE4DFD2333F45B0011BBDF /* Serial Intents.appex */;
			productType = "com.apple.product-type.app-extension";
		};
/* End PBXNativeTarget section */

/* Begin PBXProject section */
		C36F1A2F2256BA150007DC21 /* Project object */ = {
			isa = PBXProject;
			attributes = {
				LastSwiftUpdateCheck = 1100;
				LastUpgradeCheck = 1010;
				ORGANIZATIONNAME = "Ayden Panhuyzen";
				TargetAttributes = {
					C36F1A362256BA150007DC21 = {
						CreatedOnToolsVersion = 10.1;
						LastSwiftMigration = 1100;
					};
					C3AE4DD82333E7470011BBDF = {
						CreatedOnToolsVersion = 11.0;
					};
					C3AE4DFC2333F45B0011BBDF = {
						CreatedOnToolsVersion = 11.0;
					};
				};
			};
			buildConfigurationList = C36F1A322256BA150007DC21 /* Build configuration list for PBXProject "Serial" */;
			compatibilityVersion = "Xcode 9.3";
			developmentRegion = en;
			hasScannedForEncodings = 0;
			knownRegions = (
				en,
				Base,
			);
			mainGroup = C36F1A2E2256BA150007DC21;
			productRefGroup = C36F1A382256BA150007DC21 /* Products */;
			projectDirPath = "";
			projectRoot = "";
			targets = (
				C36F1A362256BA150007DC21 /* Serial */,
				C3AE4DD82333E7470011BBDF /* SerialKit */,
				C3AE4DFC2333F45B0011BBDF /* Serial Intents */,
			);
		};
/* End PBXProject section */

/* Begin PBXResourcesBuildPhase section */
		C36F1A352256BA150007DC21 /* Resources */ = {
			isa = PBXResourcesBuildPhase;
			buildActionMask = 2147483647;
			files = (
				C36F1A452256BA170007DC21 /* LaunchScreen.storyboard in Resources */,
				C3134B8F2328B8050005952C /* Assets.xcassets in Resources */,
				C36F1A402256BA150007DC21 /* Main.storyboard in Resources */,
			);
			runOnlyForDeploymentPostprocessing = 0;
		};
		C3AE4DD72333E7470011BBDF /* Resources */ = {
			isa = PBXResourcesBuildPhase;
			buildActionMask = 2147483647;
			files = (
			);
			runOnlyForDeploymentPostprocessing = 0;
		};
		C3AE4DFB2333F45B0011BBDF /* Resources */ = {
			isa = PBXResourcesBuildPhase;
			buildActionMask = 2147483647;
			files = (
			);
			runOnlyForDeploymentPostprocessing = 0;
		};
/* End PBXResourcesBuildPhase section */

/* Begin PBXSourcesBuildPhase section */
		C36F1A332256BA150007DC21 /* Sources */ = {
			isa = PBXSourcesBuildPhase;
			buildActionMask = 2147483647;
			files = (
				C36D8DEE233416B6000B6F2D /* Intents.intentdefinition in Sources */,
				C3C995A1227E9D7E00EE6D63 /* ThemedTableViewController.swift in Sources */,
				C325FFD2225702400060DFCF /* ScannerViewController.swift in Sources */,
				C36F1A3D2256BA150007DC21 /* ViewController.swift in Sources */,
				C36F1A3B2256BA150007DC21 /* AppDelegate.swift in Sources */,
				C3AB0BF82328964900D9BBA8 /* HistoryItemCell.swift in Sources */,
				C36F1A532256DB310007DC21 /* HistoryManager.swift in Sources */,
				C3AE4DED2333EB4E0011BBDF /* RowRepresentable.swift in Sources */,
				C3AE4DF72333EC350011BBDF /* Value.swift in Sources */,
				C3AE4DF52333EB830011BBDF /* ActionRow.swift in Sources */,
				C3AE4DF12333EB790011BBDF /* ValueRow.swift in Sources */,
				C3AE4DF32333EB7E0011BBDF /* SubtitleRow.swift in Sources */,
				C3AB0BFA23289B1100D9BBA8 /* GradientView.swift in Sources */,
				C3AB0BF62328964000D9BBA8 /* ButtonCell.swift in Sources */,
				C3D4ED8B22571BD0009EEF45 /* PreviewView.swift in Sources */,
				C36F1A512256D05F0007DC21 /* ResultsViewController.swift in Sources */,
				C36F1A4F2256BE350007DC21 /* UIViewController+ShorthandAlerts.swift in Sources */,
				C3D4ED8722571849009EEF45 /* ResultsHeaderView.swift in Sources */,
				C3AE4DEF2333EB620011BBDF /* Section.swift in Sources */,
				C3AB0BF42328963900D9BBA8 /* TextFieldCell.swift in Sources */,
				C3AE4DD1233218AC0011BBDF /* ThemedNavigationBar.swift in Sources */,
			);
			runOnlyForDeploymentPostprocessing = 0;
		};
		C3AE4DD52333E7470011BBDF /* Sources */ = {
			isa = PBXSourcesBuildPhase;
			buildActionMask = 2147483647;
			files = (
				C3AE4DE72333E74F0011BBDF /* SerialAnalyis+ManufactureLocation.swift in Sources */,
				C3AE4DE62333E74F0011BBDF /* SerialAnalysis+OSFamily.swift in Sources */,
				C3AE4DEA2333E7900011BBDF /* String+LessPainfulSubstring.swift in Sources */,
				C3AE4DE82333E74F0011BBDF /* SerialAnalysis.swift in Sources */,
				C3AE4DE92333E74F0011BBDF /* SerialAnalysis+ManufactureDate.swift in Sources */,
			);
			runOnlyForDeploymentPostprocessing = 0;
		};
		C3AE4DF92333F45B0011BBDF /* Sources */ = {
			isa = PBXSourcesBuildPhase;
			buildActionMask = 2147483647;
			files = (
				C3AE4E1F2333F47D0011BBDF /* Intents.intentdefinition in Sources */,
				C3AE4E002333F45B0011BBDF /* IntentHandler.swift in Sources */,
				C36D8DF02334184C000B6F2D /* AnalyzeIntentHandler.swift in Sources */,
			);
			runOnlyForDeploymentPostprocessing = 0;
		};
/* End PBXSourcesBuildPhase section */

/* Begin PBXTargetDependency section */
		C36D8DF2233439AD000B6F2D /* PBXTargetDependency */ = {
			isa = PBXTargetDependency;
			target = C3AE4DD82333E7470011BBDF /* SerialKit */;
			targetProxy = C36D8DF1233439AD000B6F2D /* PBXContainerItemProxy */;
		};
		C3AE4DDF2333E7470011BBDF /* PBXTargetDependency */ = {
			isa = PBXTargetDependency;
			target = C3AE4DD82333E7470011BBDF /* SerialKit */;
			targetProxy = C3AE4DDE2333E7470011BBDF /* PBXContainerItemProxy */;
		};
		C3AE4E152333F45B0011BBDF /* PBXTargetDependency */ = {
			isa = PBXTargetDependency;
			target = C3AE4DFC2333F45B0011BBDF /* Serial Intents */;
			targetProxy = C3AE4E142333F45B0011BBDF /* PBXContainerItemProxy */;
		};
/* End PBXTargetDependency section */

/* Begin PBXVariantGroup section */
		C36F1A3E2256BA150007DC21 /* Main.storyboard */ = {
			isa = PBXVariantGroup;
			children = (
				C36F1A3F2256BA150007DC21 /* Base */,
			);
			name = Main.storyboard;
			sourceTree = "<group>";
		};
		C36F1A432256BA170007DC21 /* LaunchScreen.storyboard */ = {
			isa = PBXVariantGroup;
			children = (
				C36F1A442256BA170007DC21 /* Base */,
			);
			name = LaunchScreen.storyboard;
			sourceTree = "<group>";
		};
/* End PBXVariantGroup section */

/* Begin XCBuildConfiguration section */
		C36F1A472256BA170007DC21 /* Debug */ = {
			isa = XCBuildConfiguration;
			buildSettings = {
				ALWAYS_SEARCH_USER_PATHS = NO;
				CLANG_ANALYZER_NONNULL = YES;
				CLANG_ANALYZER_NUMBER_OBJECT_CONVERSION = YES_AGGRESSIVE;
				CLANG_CXX_LANGUAGE_STANDARD = "gnu++14";
				CLANG_CXX_LIBRARY = "libc++";
				CLANG_ENABLE_MODULES = YES;
				CLANG_ENABLE_OBJC_ARC = YES;
				CLANG_ENABLE_OBJC_WEAK = YES;
				CLANG_WARN_BLOCK_CAPTURE_AUTORELEASING = YES;
				CLANG_WARN_BOOL_CONVERSION = YES;
				CLANG_WARN_COMMA = YES;
				CLANG_WARN_CONSTANT_CONVERSION = YES;
				CLANG_WARN_DEPRECATED_OBJC_IMPLEMENTATIONS = YES;
				CLANG_WARN_DIRECT_OBJC_ISA_USAGE = YES_ERROR;
				CLANG_WARN_DOCUMENTATION_COMMENTS = YES;
				CLANG_WARN_EMPTY_BODY = YES;
				CLANG_WARN_ENUM_CONVERSION = YES;
				CLANG_WARN_INFINITE_RECURSION = YES;
				CLANG_WARN_INT_CONVERSION = YES;
				CLANG_WARN_NON_LITERAL_NULL_CONVERSION = YES;
				CLANG_WARN_OBJC_IMPLICIT_RETAIN_SELF = YES;
				CLANG_WARN_OBJC_LITERAL_CONVERSION = YES;
				CLANG_WARN_OBJC_ROOT_CLASS = YES_ERROR;
				CLANG_WARN_RANGE_LOOP_ANALYSIS = YES;
				CLANG_WARN_STRICT_PROTOTYPES = YES;
				CLANG_WARN_SUSPICIOUS_MOVE = YES;
				CLANG_WARN_UNGUARDED_AVAILABILITY = YES_AGGRESSIVE;
				CLANG_WARN_UNREACHABLE_CODE = YES;
				CLANG_WARN__DUPLICATE_METHOD_MATCH = YES;
				CODE_SIGN_IDENTITY = "iPhone Developer";
				COPY_PHASE_STRIP = NO;
				DEBUG_INFORMATION_FORMAT = dwarf;
				ENABLE_STRICT_OBJC_MSGSEND = YES;
				ENABLE_TESTABILITY = YES;
				GCC_C_LANGUAGE_STANDARD = gnu11;
				GCC_DYNAMIC_NO_PIC = NO;
				GCC_NO_COMMON_BLOCKS = YES;
				GCC_OPTIMIZATION_LEVEL = 0;
				GCC_PREPROCESSOR_DEFINITIONS = (
					"DEBUG=1",
					"$(inherited)",
				);
				GCC_WARN_64_TO_32_BIT_CONVERSION = YES;
				GCC_WARN_ABOUT_RETURN_TYPE = YES_ERROR;
				GCC_WARN_UNDECLARED_SELECTOR = YES;
				GCC_WARN_UNINITIALIZED_AUTOS = YES_AGGRESSIVE;
				GCC_WARN_UNUSED_FUNCTION = YES;
				GCC_WARN_UNUSED_VARIABLE = YES;
				IPHONEOS_DEPLOYMENT_TARGET = 11.0;
				LD_RUNPATH_SEARCH_PATHS = /usr/lib/libswift/stable;
				MTL_ENABLE_DEBUG_INFO = INCLUDE_SOURCE;
				MTL_FAST_MATH = YES;
				ONLY_ACTIVE_ARCH = YES;
				SDKROOT = iphoneos;
				SWIFT_ACTIVE_COMPILATION_CONDITIONS = DEBUG;
				SWIFT_OPTIMIZATION_LEVEL = "-Onone";
			};
			name = Debug;
		};
		C36F1A482256BA170007DC21 /* Release */ = {
			isa = XCBuildConfiguration;
			buildSettings = {
				ALWAYS_SEARCH_USER_PATHS = NO;
				CLANG_ANALYZER_NONNULL = YES;
				CLANG_ANALYZER_NUMBER_OBJECT_CONVERSION = YES_AGGRESSIVE;
				CLANG_CXX_LANGUAGE_STANDARD = "gnu++14";
				CLANG_CXX_LIBRARY = "libc++";
				CLANG_ENABLE_MODULES = YES;
				CLANG_ENABLE_OBJC_ARC = YES;
				CLANG_ENABLE_OBJC_WEAK = YES;
				CLANG_WARN_BLOCK_CAPTURE_AUTORELEASING = YES;
				CLANG_WARN_BOOL_CONVERSION = YES;
				CLANG_WARN_COMMA = YES;
				CLANG_WARN_CONSTANT_CONVERSION = YES;
				CLANG_WARN_DEPRECATED_OBJC_IMPLEMENTATIONS = YES;
				CLANG_WARN_DIRECT_OBJC_ISA_USAGE = YES_ERROR;
				CLANG_WARN_DOCUMENTATION_COMMENTS = YES;
				CLANG_WARN_EMPTY_BODY = YES;
				CLANG_WARN_ENUM_CONVERSION = YES;
				CLANG_WARN_INFINITE_RECURSION = YES;
				CLANG_WARN_INT_CONVERSION = YES;
				CLANG_WARN_NON_LITERAL_NULL_CONVERSION = YES;
				CLANG_WARN_OBJC_IMPLICIT_RETAIN_SELF = YES;
				CLANG_WARN_OBJC_LITERAL_CONVERSION = YES;
				CLANG_WARN_OBJC_ROOT_CLASS = YES_ERROR;
				CLANG_WARN_RANGE_LOOP_ANALYSIS = YES;
				CLANG_WARN_STRICT_PROTOTYPES = YES;
				CLANG_WARN_SUSPICIOUS_MOVE = YES;
				CLANG_WARN_UNGUARDED_AVAILABILITY = YES_AGGRESSIVE;
				CLANG_WARN_UNREACHABLE_CODE = YES;
				CLANG_WARN__DUPLICATE_METHOD_MATCH = YES;
				CODE_SIGN_IDENTITY = "iPhone Developer";
				COPY_PHASE_STRIP = NO;
				DEBUG_INFORMATION_FORMAT = "dwarf-with-dsym";
				ENABLE_NS_ASSERTIONS = NO;
				ENABLE_STRICT_OBJC_MSGSEND = YES;
				GCC_C_LANGUAGE_STANDARD = gnu11;
				GCC_NO_COMMON_BLOCKS = YES;
				GCC_WARN_64_TO_32_BIT_CONVERSION = YES;
				GCC_WARN_ABOUT_RETURN_TYPE = YES_ERROR;
				GCC_WARN_UNDECLARED_SELECTOR = YES;
				GCC_WARN_UNINITIALIZED_AUTOS = YES_AGGRESSIVE;
				GCC_WARN_UNUSED_FUNCTION = YES;
				GCC_WARN_UNUSED_VARIABLE = YES;
				IPHONEOS_DEPLOYMENT_TARGET = 11.0;
				LD_RUNPATH_SEARCH_PATHS = /usr/lib/libswift/stable;
				MTL_ENABLE_DEBUG_INFO = NO;
				MTL_FAST_MATH = YES;
				SDKROOT = iphoneos;
				SWIFT_COMPILATION_MODE = wholemodule;
				SWIFT_OPTIMIZATION_LEVEL = "-O";
				VALIDATE_PRODUCT = YES;
			};
			name = Release;
		};
		C36F1A4A2256BA170007DC21 /* Debug */ = {
			isa = XCBuildConfiguration;
			buildSettings = {
				ALWAYS_EMBED_SWIFT_STANDARD_LIBRARIES = YES;
				ASSETCATALOG_COMPILER_APPICON_NAME = AppIcon;
				CODE_SIGN_ENTITLEMENTS = Serial/Serial.entitlements;
				CODE_SIGN_STYLE = Automatic;
				DEVELOPMENT_TEAM = 6N2S3YHMFB;
				INFOPLIST_FILE = Serial/Info.plist;
				IPHONEOS_DEPLOYMENT_TARGET = 11.0;
				LD_RUNPATH_SEARCH_PATHS = (
					"$(inherited)",
					"@executable_path/Frameworks",
				);
				MARKETING_VERSION = 1.0.3;
				PRODUCT_BUNDLE_IDENTIFIER = dev.ayden.ios.serial;
				PRODUCT_NAME = "$(TARGET_NAME)";
				SWIFT_VERSION = 5.0;
				TARGETED_DEVICE_FAMILY = "1,2";
			};
			name = Debug;
		};
		C36F1A4B2256BA170007DC21 /* Release */ = {
			isa = XCBuildConfiguration;
			buildSettings = {
				ALWAYS_EMBED_SWIFT_STANDARD_LIBRARIES = YES;
				ASSETCATALOG_COMPILER_APPICON_NAME = AppIcon;
				CODE_SIGN_ENTITLEMENTS = Serial/Serial.entitlements;
				CODE_SIGN_STYLE = Automatic;
				DEVELOPMENT_TEAM = 6N2S3YHMFB;
				INFOPLIST_FILE = Serial/Info.plist;
				IPHONEOS_DEPLOYMENT_TARGET = 11.0;
				LD_RUNPATH_SEARCH_PATHS = (
					"$(inherited)",
					"@executable_path/Frameworks",
				);
				MARKETING_VERSION = 1.0.3;
				PRODUCT_BUNDLE_IDENTIFIER = dev.ayden.ios.serial;
				PRODUCT_NAME = "$(TARGET_NAME)";
				SWIFT_VERSION = 5.0;
				TARGETED_DEVICE_FAMILY = "1,2";
			};
			name = Release;
		};
		C3AE4DE32333E7470011BBDF /* Debug */ = {
			isa = XCBuildConfiguration;
			buildSettings = {
				APPLICATION_EXTENSION_API_ONLY = YES;
				CODE_SIGN_STYLE = Automatic;
				CURRENT_PROJECT_VERSION = 1;
				DEFINES_MODULE = YES;
				DEVELOPMENT_TEAM = 6N2S3YHMFB;
				DYLIB_COMPATIBILITY_VERSION = 1;
				DYLIB_CURRENT_VERSION = 1;
				DYLIB_INSTALL_NAME_BASE = "@rpath";
				INFOPLIST_FILE = SerialKit/Info.plist;
				INSTALL_PATH = "$(LOCAL_LIBRARY_DIR)/Frameworks";
				IPHONEOS_DEPLOYMENT_TARGET = 11.0;
				LD_RUNPATH_SEARCH_PATHS = (
					"$(inherited)",
					"@executable_path/Frameworks",
					"@loader_path/Frameworks",
				);
				PRODUCT_BUNDLE_IDENTIFIER = dev.ayden.ios.serial.serialkit;
				PRODUCT_NAME = "$(TARGET_NAME:c99extidentifier)";
				SKIP_INSTALL = YES;
				SWIFT_VERSION = 5.0;
				TARGETED_DEVICE_FAMILY = "1,2";
				VERSIONING_SYSTEM = "apple-generic";
				VERSION_INFO_PREFIX = "";
			};
			name = Debug;
		};
		C3AE4DE42333E7470011BBDF /* Release */ = {
			isa = XCBuildConfiguration;
			buildSettings = {
				APPLICATION_EXTENSION_API_ONLY = YES;
				CODE_SIGN_STYLE = Automatic;
				CURRENT_PROJECT_VERSION = 1;
				DEFINES_MODULE = YES;
				DEVELOPMENT_TEAM = 6N2S3YHMFB;
				DYLIB_COMPATIBILITY_VERSION = 1;
				DYLIB_CURRENT_VERSION = 1;
				DYLIB_INSTALL_NAME_BASE = "@rpath";
				INFOPLIST_FILE = SerialKit/Info.plist;
				INSTALL_PATH = "$(LOCAL_LIBRARY_DIR)/Frameworks";
				IPHONEOS_DEPLOYMENT_TARGET = 11.0;
				LD_RUNPATH_SEARCH_PATHS = (
					"$(inherited)",
					"@executable_path/Frameworks",
					"@loader_path/Frameworks",
				);
				PRODUCT_BUNDLE_IDENTIFIER = dev.ayden.ios.serial.serialkit;
				PRODUCT_NAME = "$(TARGET_NAME:c99extidentifier)";
				SKIP_INSTALL = YES;
				SWIFT_VERSION = 5.0;
				TARGETED_DEVICE_FAMILY = "1,2";
				VERSIONING_SYSTEM = "apple-generic";
				VERSION_INFO_PREFIX = "";
			};
			name = Release;
		};
		C3AE4E1B2333F45B0011BBDF /* Debug */ = {
			isa = XCBuildConfiguration;
			buildSettings = {
				CODE_SIGN_STYLE = Automatic;
				DEVELOPMENT_TEAM = 6N2S3YHMFB;
				INFOPLIST_FILE = "Serial Intents/Info.plist";
				IPHONEOS_DEPLOYMENT_TARGET = 13.0;
				LD_RUNPATH_SEARCH_PATHS = (
					"$(inherited)",
					"@executable_path/Frameworks",
					"@executable_path/../../Frameworks",
				);
				PRODUCT_BUNDLE_IDENTIFIER = dev.ayden.ios.serial.intents;
				PRODUCT_NAME = "$(TARGET_NAME)";
				SKIP_INSTALL = YES;
				SWIFT_VERSION = 5.0;
				TARGETED_DEVICE_FAMILY = "1,2";
			};
			name = Debug;
		};
		C3AE4E1C2333F45B0011BBDF /* Release */ = {
			isa = XCBuildConfiguration;
			buildSettings = {
				CODE_SIGN_STYLE = Automatic;
				DEVELOPMENT_TEAM = 6N2S3YHMFB;
				INFOPLIST_FILE = "Serial Intents/Info.plist";
				IPHONEOS_DEPLOYMENT_TARGET = 13.0;
				LD_RUNPATH_SEARCH_PATHS = (
					"$(inherited)",
					"@executable_path/Frameworks",
					"@executable_path/../../Frameworks",
				);
				PRODUCT_BUNDLE_IDENTIFIER = dev.ayden.ios.serial.intents;
				PRODUCT_NAME = "$(TARGET_NAME)";
				SKIP_INSTALL = YES;
				SWIFT_VERSION = 5.0;
				TARGETED_DEVICE_FAMILY = "1,2";
			};
			name = Release;
		};
/* End XCBuildConfiguration section */

/* Begin XCConfigurationList section */
		C36F1A322256BA150007DC21 /* Build configuration list for PBXProject "Serial" */ = {
			isa = XCConfigurationList;
			buildConfigurations = (
				C36F1A472256BA170007DC21 /* Debug */,
				C36F1A482256BA170007DC21 /* Release */,
			);
			defaultConfigurationIsVisible = 0;
			defaultConfigurationName = Release;
		};
		C36F1A492256BA170007DC21 /* Build configuration list for PBXNativeTarget "Serial" */ = {
			isa = XCConfigurationList;
			buildConfigurations = (
				C36F1A4A2256BA170007DC21 /* Debug */,
				C36F1A4B2256BA170007DC21 /* Release */,
			);
			defaultConfigurationIsVisible = 0;
			defaultConfigurationName = Release;
		};
		C3AE4DE22333E7470011BBDF /* Build configuration list for PBXNativeTarget "SerialKit" */ = {
			isa = XCConfigurationList;
			buildConfigurations = (
				C3AE4DE32333E7470011BBDF /* Debug */,
				C3AE4DE42333E7470011BBDF /* Release */,
			);
			defaultConfigurationIsVisible = 0;
			defaultConfigurationName = Release;
		};
		C3AE4E1A2333F45B0011BBDF /* Build configuration list for PBXNativeTarget "Serial Intents" */ = {
			isa = XCConfigurationList;
			buildConfigurations = (
				C3AE4E1B2333F45B0011BBDF /* Debug */,
				C3AE4E1C2333F45B0011BBDF /* Release */,
			);
			defaultConfigurationIsVisible = 0;
			defaultConfigurationName = Release;
		};
/* End XCConfigurationList section */
	};
	rootObject = C36F1A2F2256BA150007DC21 /* Project object */;
}
